
Microsoft Visual Studio Solution File, Format Version 12.00
# Visual Studio Version 17
VisualStudioVersion = 17.7.34202.233
MinimumVisualStudioVersion = 10.0.40219.1
Project("{FAE04EC0-301F-11D3-BF4B-00C04F79EFBC}") = "StudentListManagement", "StudentListManagement\StudentListManagement.csproj", "{884783ED-276A-464E-BBD2-632CFEB16AA0}"
EndProject
Project("{FAE04EC0-301F-11D3-BF4B-00C04F79EFBC}") = "AnimalManagement", "AnimalManagement\AnimalManagement.csproj", "{44036FA7-7D3A-424A-8AD9-1C4CB63A2816}"
EndProject
Project("{FAE04EC0-301F-11D3-BF4B-00C04F79EFBC}") = "SportManagement", "Sport\SportManagement.csproj", "{487FE33D-33B5-4461-8828-AEF627B96399}"
EndProject
Global
	GlobalSection(SolutionConfigurationPlatforms) = preSolution
		Debug|Any CPU = Debug|Any CPU
		Release|Any CPU = Release|Any CPU
	EndGlobalSection
	GlobalSection(ProjectConfigurationPlatforms) = postSolution
		{884783ED-276A-464E-BBD2-632CFEB16AA0}.Debug|Any CPU.ActiveCfg = Debug|Any CPU
		{884783ED-276A-464E-BBD2-632CFEB16AA0}.Debug|Any CPU.Build.0 = Debug|Any CPU
		{884783ED-276A-464E-BBD2-632CFEB16AA0}.Release|Any CPU.ActiveCfg = Release|Any CPU
		{884783ED-276A-464E-BBD2-632CFEB16AA0}.Release|Any CPU.Build.0 = Release|Any CPU
		{44036FA7-7D3A-424A-8AD9-1C4CB63A2816}.Debug|Any CPU.ActiveCfg = Debug|Any CPU
		{44036FA7-7D3A-424A-8AD9-1C4CB63A2816}.Debug|Any CPU.Build.0 = Debug|Any CPU
		{44036FA7-7D3A-424A-8AD9-1C4CB63A2816}.Release|Any CPU.ActiveCfg = Release|Any CPU
		{44036FA7-7D3A-424A-8AD9-1C4CB63A2816}.Release|Any CPU.Build.0 = Release|Any CPU
		{487FE33D-33B5-4461-8828-AEF627B96399}.Debug|Any CPU.ActiveCfg = Debug|Any CPU
		{487FE33D-33B5-4461-8828-AEF627B96399}.Debug|Any CPU.Build.0 = Debug|Any CPU
		{487FE33D-33B5-4461-8828-AEF627B96399}.Release|Any CPU.ActiveCfg = Release|Any CPU
		{487FE33D-33B5-4461-8828-AEF627B96399}.Release|Any CPU.Build.0 = Release|Any CPU
	EndGlobalSection
	GlobalSection(SolutionProperties) = preSolution
		HideSolutionNode = FALSE
	EndGlobalSection
	GlobalSection(ExtensibilityGlobals) = postSolution
		SolutionGuid = {EEF56414-0F84-4855-BBD9-113CB4DDDA76}
	EndGlobalSection
EndGlobal
